
Microsoft Visual Studio Solution File, Format Version 12.00
# Visual Studio Version 17
VisualStudioVersion = 17.12.35417.141
MinimumVisualStudioVersion = 10.0.40219.1
Project("{FAE04EC0-301F-11D3-BF4B-00C04F79EFBC}") = "BankLoans", "BankLoans.csproj", "{9BE89AA2-C76A-40AF-AD6C-5375DB156A2D}"
EndProject
Project("{FAE04EC0-301F-11D3-BF4B-00C04F79EFBC}") = "Infrastructure", "..\Infrastructure\Infrastructure.csproj", "{6616CF3D-9D57-4216-ACC9-39C080C31751}"
EndProject
Project("{FAE04EC0-301F-11D3-BF4B-00C04F79EFBC}") = "Domain", "..\Domain\Domain.csproj", "{061B7A5B-A440-4994-8832-EA70A13D9C70}"
EndProject
Project("{FAE04EC0-301F-11D3-BF4B-00C04F79EFBC}") = "Application", "..\Application\Application.csproj", "{C32B0CDC-A2D8-4263-9957-361CD0D9926E}"
EndProject
Project("{2150E333-8FDC-42A3-9474-1A3956D46DE8}") = "src", "src", "{7DE94D20-A872-4416-BBBC-F8D3144B59CD}"
EndProject
Project("{2150E333-8FDC-42A3-9474-1A3956D46DE8}") = "Api", "Api", "{0FE0D9C4-92CF-4885-8AFA-3D4E6F9FF2B9}"
EndProject
Project("{2150E333-8FDC-42A3-9474-1A3956D46DE8}") = "Core", "Core", "{8AE67A89-134C-489D-AA42-EC967C87E6C8}"
EndProject
Project("{2150E333-8FDC-42A3-9474-1A3956D46DE8}") = "Test", "Test", "{CF5A7F06-D452-4A8A-811F-7CD1034AB0EA}"
EndProject
Project("{2150E333-8FDC-42A3-9474-1A3956D46DE8}") = "Infrasctructure", "Infrasctructure", "{AA56621C-3E46-42B6-9701-9E3203F49199}"
EndProject
Global
	GlobalSection(SolutionConfigurationPlatforms) = preSolution
		Debug|Any CPU = Debug|Any CPU
		Release|Any CPU = Release|Any CPU
	EndGlobalSection
	GlobalSection(ProjectConfigurationPlatforms) = postSolution
		{9BE89AA2-C76A-40AF-AD6C-5375DB156A2D}.Debug|Any CPU.ActiveCfg = Debug|Any CPU
		{9BE89AA2-C76A-40AF-AD6C-5375DB156A2D}.Debug|Any CPU.Build.0 = Debug|Any CPU
		{9BE89AA2-C76A-40AF-AD6C-5375DB156A2D}.Release|Any CPU.ActiveCfg = Release|Any CPU
		{9BE89AA2-C76A-40AF-AD6C-5375DB156A2D}.Release|Any CPU.Build.0 = Release|Any CPU
		{6616CF3D-9D57-4216-ACC9-39C080C31751}.Debug|Any CPU.ActiveCfg = Debug|Any CPU
		{6616CF3D-9D57-4216-ACC9-39C080C31751}.Debug|Any CPU.Build.0 = Debug|Any CPU
		{6616CF3D-9D57-4216-ACC9-39C080C31751}.Release|Any CPU.ActiveCfg = Release|Any CPU
		{6616CF3D-9D57-4216-ACC9-39C080C31751}.Release|Any CPU.Build.0 = Release|Any CPU
		{061B7A5B-A440-4994-8832-EA70A13D9C70}.Debug|Any CPU.ActiveCfg = Debug|Any CPU
		{061B7A5B-A440-4994-8832-EA70A13D9C70}.Debug|Any CPU.Build.0 = Debug|Any CPU
		{061B7A5B-A440-4994-8832-EA70A13D9C70}.Release|Any CPU.ActiveCfg = Release|Any CPU
		{061B7A5B-A440-4994-8832-EA70A13D9C70}.Release|Any CPU.Build.0 = Release|Any CPU
		{C32B0CDC-A2D8-4263-9957-361CD0D9926E}.Debug|Any CPU.ActiveCfg = Debug|Any CPU
		{C32B0CDC-A2D8-4263-9957-361CD0D9926E}.Debug|Any CPU.Build.0 = Debug|Any CPU
		{C32B0CDC-A2D8-4263-9957-361CD0D9926E}.Release|Any CPU.ActiveCfg = Release|Any CPU
		{C32B0CDC-A2D8-4263-9957-361CD0D9926E}.Release|Any CPU.Build.0 = Release|Any CPU
	EndGlobalSection
	GlobalSection(SolutionProperties) = preSolution
		HideSolutionNode = FALSE
	EndGlobalSection
	GlobalSection(NestedProjects) = preSolution
		{9BE89AA2-C76A-40AF-AD6C-5375DB156A2D} = {0FE0D9C4-92CF-4885-8AFA-3D4E6F9FF2B9}
		{6616CF3D-9D57-4216-ACC9-39C080C31751} = {AA56621C-3E46-42B6-9701-9E3203F49199}
		{061B7A5B-A440-4994-8832-EA70A13D9C70} = {8AE67A89-134C-489D-AA42-EC967C87E6C8}
		{C32B0CDC-A2D8-4263-9957-361CD0D9926E} = {8AE67A89-134C-489D-AA42-EC967C87E6C8}
		{0FE0D9C4-92CF-4885-8AFA-3D4E6F9FF2B9} = {7DE94D20-A872-4416-BBBC-F8D3144B59CD}
		{8AE67A89-134C-489D-AA42-EC967C87E6C8} = {7DE94D20-A872-4416-BBBC-F8D3144B59CD}
		{AA56621C-3E46-42B6-9701-9E3203F49199} = {7DE94D20-A872-4416-BBBC-F8D3144B59CD}
	EndGlobalSection
EndGlobal
